
Microsoft Visual Studio Solution File, Format Version 12.00
# Visual Studio Version 17
VisualStudioVersion = 17.3.32922.545
MinimumVisualStudioVersion = 10.0.40219.1
Project("{FAE04EC0-301F-11D3-BF4B-00C04F79EFBC}") = "Sesion1-Ej1", "Sesion1-Ej1\Sesion1-Ej1.csproj", "{4923C79C-BCD8-4FA8-A9C2-E8E49610D1F2}"
EndProject
Project("{FAE04EC0-301F-11D3-BF4B-00C04F79EFBC}") = "Sesion1-Ej2", "Sesion1-Ej2\Sesion1-Ej2.csproj", "{F84F8A2C-569F-409C-8597-91874B14A64F}"
EndProject
Project("{FAE04EC0-301F-11D3-BF4B-00C04F79EFBC}") = "Sesion2-Ej1", "Sesion2-Ej1\Sesion2-Ej1.csproj", "{02261D67-1C60-4B3E-A50F-CFEE31D5761A}"
EndProject
Project("{FAE04EC0-301F-11D3-BF4B-00C04F79EFBC}") = "Sesion2-Ej2", "Sesion2-Ej2\Sesion2-Ej2.csproj", "{8F5B306F-DD71-425E-BA31-7CB498FE9C8E}"
EndProject
Project("{FAE04EC0-301F-11D3-BF4B-00C04F79EFBC}") = "Sesion2-Ej3", "Sesion2-Ej3\Sesion2-Ej3.csproj", "{90E8B13D-89E2-41AF-8716-EE824550C62B}"
EndProject
Project("{FAE04EC0-301F-11D3-BF4B-00C04F79EFBC}") = "Sesion3-Ej1", "Sesion3-Ej1\Sesion3-Ej1.csproj", "{4367CD6F-466A-4066-8A20-35E1BE59E624}"
EndProject
Global
	GlobalSection(SolutionConfigurationPlatforms) = preSolution
		Debug|Any CPU = Debug|Any CPU
		Release|Any CPU = Release|Any CPU
	EndGlobalSection
	GlobalSection(ProjectConfigurationPlatforms) = postSolution
		{4923C79C-BCD8-4FA8-A9C2-E8E49610D1F2}.Debug|Any CPU.ActiveCfg = Debug|Any CPU
		{4923C79C-BCD8-4FA8-A9C2-E8E49610D1F2}.Debug|Any CPU.Build.0 = Debug|Any CPU
		{4923C79C-BCD8-4FA8-A9C2-E8E49610D1F2}.Release|Any CPU.ActiveCfg = Release|Any CPU
		{4923C79C-BCD8-4FA8-A9C2-E8E49610D1F2}.Release|Any CPU.Build.0 = Release|Any CPU
		{F84F8A2C-569F-409C-8597-91874B14A64F}.Debug|Any CPU.ActiveCfg = Debug|Any CPU
		{F84F8A2C-569F-409C-8597-91874B14A64F}.Debug|Any CPU.Build.0 = Debug|Any CPU
		{F84F8A2C-569F-409C-8597-91874B14A64F}.Release|Any CPU.ActiveCfg = Release|Any CPU
		{F84F8A2C-569F-409C-8597-91874B14A64F}.Release|Any CPU.Build.0 = Release|Any CPU
		{02261D67-1C60-4B3E-A50F-CFEE31D5761A}.Debug|Any CPU.ActiveCfg = Debug|Any CPU
		{02261D67-1C60-4B3E-A50F-CFEE31D5761A}.Debug|Any CPU.Build.0 = Debug|Any CPU
		{02261D67-1C60-4B3E-A50F-CFEE31D5761A}.Release|Any CPU.ActiveCfg = Release|Any CPU
		{02261D67-1C60-4B3E-A50F-CFEE31D5761A}.Release|Any CPU.Build.0 = Release|Any CPU
		{8F5B306F-DD71-425E-BA31-7CB498FE9C8E}.Debug|Any CPU.ActiveCfg = Debug|Any CPU
		{8F5B306F-DD71-425E-BA31-7CB498FE9C8E}.Debug|Any CPU.Build.0 = Debug|Any CPU
		{8F5B306F-DD71-425E-BA31-7CB498FE9C8E}.Release|Any CPU.ActiveCfg = Release|Any CPU
		{8F5B306F-DD71-425E-BA31-7CB498FE9C8E}.Release|Any CPU.Build.0 = Release|Any CPU
		{90E8B13D-89E2-41AF-8716-EE824550C62B}.Debug|Any CPU.ActiveCfg = Debug|Any CPU
		{90E8B13D-89E2-41AF-8716-EE824550C62B}.Debug|Any CPU.Build.0 = Debug|Any CPU
		{90E8B13D-89E2-41AF-8716-EE824550C62B}.Release|Any CPU.ActiveCfg = Release|Any CPU
		{90E8B13D-89E2-41AF-8716-EE824550C62B}.Release|Any CPU.Build.0 = Release|Any CPU
		{4367CD6F-466A-4066-8A20-35E1BE59E624}.Debug|Any CPU.ActiveCfg = Debug|Any CPU
		{4367CD6F-466A-4066-8A20-35E1BE59E624}.Debug|Any CPU.Build.0 = Debug|Any CPU
		{4367CD6F-466A-4066-8A20-35E1BE59E624}.Release|Any CPU.ActiveCfg = Release|Any CPU
		{4367CD6F-466A-4066-8A20-35E1BE59E624}.Release|Any CPU.Build.0 = Release|Any CPU
	EndGlobalSection
	GlobalSection(SolutionProperties) = preSolution
		HideSolutionNode = FALSE
	EndGlobalSection
	GlobalSection(ExtensibilityGlobals) = postSolution
		SolutionGuid = {A436DB0C-BF64-4719-93A3-DBC77E814194}
	EndGlobalSection
EndGlobal
